// !$*UTF8*$!
{
	archiveVersion = 1;
	classes = {
	};
	objectVersion = 46;
	objects = {

/* Begin PBXBuildFile section */
		74D9D1C27B0D7FAB2F180CD3 /* Pods_Flix_AppTests.framework in Frameworks */ = {isa = PBXBuildFile; fileRef = 0AAA8C7A3B60AB66024882CC /* Pods_Flix_AppTests.framework */; };
		8607BDB41EFB197700A1315F /* AppDelegate.swift in Sources */ = {isa = PBXBuildFile; fileRef = 8607BDB31EFB197700A1315F /* AppDelegate.swift */; };
		8607BDB91EFB197700A1315F /* Main.storyboard in Resources */ = {isa = PBXBuildFile; fileRef = 8607BDB71EFB197700A1315F /* Main.storyboard */; };
		8607BDBB1EFB197700A1315F /* Assets.xcassets in Resources */ = {isa = PBXBuildFile; fileRef = 8607BDBA1EFB197700A1315F /* Assets.xcassets */; };
		8607BDBE1EFB197700A1315F /* LaunchScreen.storyboard in Resources */ = {isa = PBXBuildFile; fileRef = 8607BDBC1EFB197700A1315F /* LaunchScreen.storyboard */; };
		8607BDC91EFB197700A1315F /* Flix_AppTests.swift in Sources */ = {isa = PBXBuildFile; fileRef = 8607BDC81EFB197700A1315F /* Flix_AppTests.swift */; };
		8607BDD41EFB197700A1315F /* Flix_AppUITests.swift in Sources */ = {isa = PBXBuildFile; fileRef = 8607BDD31EFB197700A1315F /* Flix_AppUITests.swift */; };
		8607BDE21EFB243E00A1315F /* NowPlayingViewControlerViewController.swift in Sources */ = {isa = PBXBuildFile; fileRef = 8607BDE11EFB243E00A1315F /* NowPlayingViewControlerViewController.swift */; };
		8607BDE41EFB2E1200A1315F /* MovieCell.swift in Sources */ = {isa = PBXBuildFile; fileRef = 8607BDE31EFB2E1200A1315F /* MovieCell.swift */; };
		866D45E11EFB462E00F6BFC2 /* DetailViewController.swift in Sources */ = {isa = PBXBuildFile; fileRef = 866D45E01EFB462E00F6BFC2 /* DetailViewController.swift */; };
		8674B1BD1EFD773300FCA9F7 /* SuperheroCell.swift in Sources */ = {isa = PBXBuildFile; fileRef = 8674B1BC1EFD773300FCA9F7 /* SuperheroCell.swift */; };
		8674B1BF1EFD778500FCA9F7 /* SuperheroViewController.swift in Sources */ = {isa = PBXBuildFile; fileRef = 8674B1BE1EFD778500FCA9F7 /* SuperheroViewController.swift */; };
		941C9831BD5FB0754C31CA6D /* Pods_Flix_App.framework in Frameworks */ = {isa = PBXBuildFile; fileRef = 0709DE93735085D74A350CE0 /* Pods_Flix_App.framework */; };
		B7655462EB1913F11A8179E0 /* Pods_Flix_AppUITests.framework in Frameworks */ = {isa = PBXBuildFile; fileRef = 7F528480D55408CF01C7667C /* Pods_Flix_AppUITests.framework */; };
/* End PBXBuildFile section */

/* Begin PBXContainerItemProxy section */
		8607BDC51EFB197700A1315F /* PBXContainerItemProxy */ = {
			isa = PBXContainerItemProxy;
			containerPortal = 8607BDA81EFB197600A1315F /* Project object */;
			proxyType = 1;
			remoteGlobalIDString = 8607BDAF1EFB197600A1315F;
			remoteInfo = "Flix App";
		};
		8607BDD01EFB197700A1315F /* PBXContainerItemProxy */ = {
			isa = PBXContainerItemProxy;
			containerPortal = 8607BDA81EFB197600A1315F /* Project object */;
			proxyType = 1;
			remoteGlobalIDString = 8607BDAF1EFB197600A1315F;
			remoteInfo = "Flix App";
		};
/* End PBXContainerItemProxy section */

/* Begin PBXFileReference section */
		0709DE93735085D74A350CE0 /* Pods_Flix_App.framework */ = {isa = PBXFileReference; explicitFileType = wrapper.framework; includeInIndex = 0; path = Pods_Flix_App.framework; sourceTree = BUILT_PRODUCTS_DIR; };
		0AAA8C7A3B60AB66024882CC /* Pods_Flix_AppTests.framework */ = {isa = PBXFileReference; explicitFileType = wrapper.framework; includeInIndex = 0; path = Pods_Flix_AppTests.framework; sourceTree = BUILT_PRODUCTS_DIR; };
		71D463B16F3F0B190633C473 /* Pods-Flix AppUITests.debug.xcconfig */ = {isa = PBXFileReference; includeInIndex = 1; lastKnownFileType = text.xcconfig; name = "Pods-Flix AppUITests.debug.xcconfig"; path = "Pods/Target Support Files/Pods-Flix AppUITests/Pods-Flix AppUITests.debug.xcconfig"; sourceTree = "<group>"; };
		7F528480D55408CF01C7667C /* Pods_Flix_AppUITests.framework */ = {isa = PBXFileReference; explicitFileType = wrapper.framework; includeInIndex = 0; path = Pods_Flix_AppUITests.framework; sourceTree = BUILT_PRODUCTS_DIR; };
		814E93FB4FDAE2CD4610CB36 /* Pods-Flix AppTests.release.xcconfig */ = {isa = PBXFileReference; includeInIndex = 1; lastKnownFileType = text.xcconfig; name = "Pods-Flix AppTests.release.xcconfig"; path = "Pods/Target Support Files/Pods-Flix AppTests/Pods-Flix AppTests.release.xcconfig"; sourceTree = "<group>"; };
		8228AA27119AE4FDEA571BF1 /* Pods-Flix AppUITests.release.xcconfig */ = {isa = PBXFileReference; includeInIndex = 1; lastKnownFileType = text.xcconfig; name = "Pods-Flix AppUITests.release.xcconfig"; path = "Pods/Target Support Files/Pods-Flix AppUITests/Pods-Flix AppUITests.release.xcconfig"; sourceTree = "<group>"; };
		8607BDB01EFB197700A1315F /* Flix App.app */ = {isa = PBXFileReference; explicitFileType = wrapper.application; includeInIndex = 0; path = "Flix App.app"; sourceTree = BUILT_PRODUCTS_DIR; };
		8607BDB31EFB197700A1315F /* AppDelegate.swift */ = {isa = PBXFileReference; lastKnownFileType = sourcecode.swift; path = AppDelegate.swift; sourceTree = "<group>"; };
		8607BDB81EFB197700A1315F /* Base */ = {isa = PBXFileReference; lastKnownFileType = file.storyboard; name = Base; path = Base.lproj/Main.storyboard; sourceTree = "<group>"; };
		8607BDBA1EFB197700A1315F /* Assets.xcassets */ = {isa = PBXFileReference; lastKnownFileType = folder.assetcatalog; path = Assets.xcassets; sourceTree = "<group>"; };
		8607BDBD1EFB197700A1315F /* Base */ = {isa = PBXFileReference; lastKnownFileType = file.storyboard; name = Base; path = Base.lproj/LaunchScreen.storyboard; sourceTree = "<group>"; };
		8607BDBF1EFB197700A1315F /* Info.plist */ = {isa = PBXFileReference; lastKnownFileType = text.plist.xml; path = Info.plist; sourceTree = "<group>"; };
		8607BDC41EFB197700A1315F /* Flix AppTests.xctest */ = {isa = PBXFileReference; explicitFileType = wrapper.cfbundle; includeInIndex = 0; path = "Flix AppTests.xctest"; sourceTree = BUILT_PRODUCTS_DIR; };
		8607BDC81EFB197700A1315F /* Flix_AppTests.swift */ = {isa = PBXFileReference; lastKnownFileType = sourcecode.swift; path = Flix_AppTests.swift; sourceTree = "<group>"; };
		8607BDCA1EFB197700A1315F /* Info.plist */ = {isa = PBXFileReference; lastKnownFileType = text.plist.xml; path = Info.plist; sourceTree = "<group>"; };
		8607BDCF1EFB197700A1315F /* Flix AppUITests.xctest */ = {isa = PBXFileReference; explicitFileType = wrapper.cfbundle; includeInIndex = 0; path = "Flix AppUITests.xctest"; sourceTree = BUILT_PRODUCTS_DIR; };
		8607BDD31EFB197700A1315F /* Flix_AppUITests.swift */ = {isa = PBXFileReference; lastKnownFileType = sourcecode.swift; path = Flix_AppUITests.swift; sourceTree = "<group>"; };
		8607BDD51EFB197700A1315F /* Info.plist */ = {isa = PBXFileReference; lastKnownFileType = text.plist.xml; path = Info.plist; sourceTree = "<group>"; };
		8607BDE11EFB243E00A1315F /* NowPlayingViewControlerViewController.swift */ = {isa = PBXFileReference; fileEncoding = 4; lastKnownFileType = sourcecode.swift; path = NowPlayingViewControlerViewController.swift; sourceTree = "<group>"; };
		8607BDE31EFB2E1200A1315F /* MovieCell.swift */ = {isa = PBXFileReference; fileEncoding = 4; lastKnownFileType = sourcecode.swift; path = MovieCell.swift; sourceTree = "<group>"; };
		866D45E01EFB462E00F6BFC2 /* DetailViewController.swift */ = {isa = PBXFileReference; fileEncoding = 4; lastKnownFileType = sourcecode.swift; path = DetailViewController.swift; sourceTree = "<group>"; };
		8674B1BC1EFD773300FCA9F7 /* SuperheroCell.swift */ = {isa = PBXFileReference; fileEncoding = 4; lastKnownFileType = sourcecode.swift; path = SuperheroCell.swift; sourceTree = "<group>"; };
		8674B1BE1EFD778500FCA9F7 /* SuperheroViewController.swift */ = {isa = PBXFileReference; fileEncoding = 4; lastKnownFileType = sourcecode.swift; path = SuperheroViewController.swift; sourceTree = "<group>"; };
		C2638C0743766D217B078992 /* Pods-Flix AppTests.debug.xcconfig */ = {isa = PBXFileReference; includeInIndex = 1; lastKnownFileType = text.xcconfig; name = "Pods-Flix AppTests.debug.xcconfig"; path = "Pods/Target Support Files/Pods-Flix AppTests/Pods-Flix AppTests.debug.xcconfig"; sourceTree = "<group>"; };
		DDAF8E02F5D4A3A6D816F14B /* Pods-Flix App.debug.xcconfig */ = {isa = PBXFileReference; includeInIndex = 1; lastKnownFileType = text.xcconfig; name = "Pods-Flix App.debug.xcconfig"; path = "Pods/Target Support Files/Pods-Flix App/Pods-Flix App.debug.xcconfig"; sourceTree = "<group>"; };
		FE3CA190732A29181D36E5D2 /* Pods-Flix App.release.xcconfig */ = {isa = PBXFileReference; includeInIndex = 1; lastKnownFileType = text.xcconfig; name = "Pods-Flix App.release.xcconfig"; path = "Pods/Target Support Files/Pods-Flix App/Pods-Flix App.release.xcconfig"; sourceTree = "<group>"; };
/* End PBXFileReference section */

/* Begin PBXFrameworksBuildPhase section */
		8607BDAD1EFB197600A1315F /* Frameworks */ = {
			isa = PBXFrameworksBuildPhase;
			buildActionMask = 2147483647;
			files = (
				941C9831BD5FB0754C31CA6D /* Pods_Flix_App.framework in Frameworks */,
			);
			runOnlyForDeploymentPostprocessing = 0;
		};
		8607BDC11EFB197700A1315F /* Frameworks */ = {
			isa = PBXFrameworksBuildPhase;
			buildActionMask = 2147483647;
			files = (
				74D9D1C27B0D7FAB2F180CD3 /* Pods_Flix_AppTests.framework in Frameworks */,
			);
			runOnlyForDeploymentPostprocessing = 0;
		};
		8607BDCC1EFB197700A1315F /* Frameworks */ = {
			isa = PBXFrameworksBuildPhase;
			buildActionMask = 2147483647;
			files = (
				B7655462EB1913F11A8179E0 /* Pods_Flix_AppUITests.framework in Frameworks */,
			);
			runOnlyForDeploymentPostprocessing = 0;
		};
/* End PBXFrameworksBuildPhase section */

/* Begin PBXGroup section */
		54416E0C145BB454156F247E /* Pods */ = {
			isa = PBXGroup;
			children = (
				DDAF8E02F5D4A3A6D816F14B /* Pods-Flix App.debug.xcconfig */,
				FE3CA190732A29181D36E5D2 /* Pods-Flix App.release.xcconfig */,
				C2638C0743766D217B078992 /* Pods-Flix AppTests.debug.xcconfig */,
				814E93FB4FDAE2CD4610CB36 /* Pods-Flix AppTests.release.xcconfig */,
				71D463B16F3F0B190633C473 /* Pods-Flix AppUITests.debug.xcconfig */,
				8228AA27119AE4FDEA571BF1 /* Pods-Flix AppUITests.release.xcconfig */,
			);
			name = Pods;
			sourceTree = "<group>";
		};
		83167451821412C03020B87C /* Frameworks */ = {
			isa = PBXGroup;
			children = (
				0709DE93735085D74A350CE0 /* Pods_Flix_App.framework */,
				0AAA8C7A3B60AB66024882CC /* Pods_Flix_AppTests.framework */,
				7F528480D55408CF01C7667C /* Pods_Flix_AppUITests.framework */,
			);
			name = Frameworks;
			sourceTree = "<group>";
		};
		8607BDA71EFB197600A1315F = {
			isa = PBXGroup;
			children = (
				8607BDB21EFB197700A1315F /* Flix App */,
				8607BDC71EFB197700A1315F /* Flix AppTests */,
				8607BDD21EFB197700A1315F /* Flix AppUITests */,
				8607BDB11EFB197700A1315F /* Products */,
				54416E0C145BB454156F247E /* Pods */,
				83167451821412C03020B87C /* Frameworks */,
			);
			sourceTree = "<group>";
		};
		8607BDB11EFB197700A1315F /* Products */ = {
			isa = PBXGroup;
			children = (
				8607BDB01EFB197700A1315F /* Flix App.app */,
				8607BDC41EFB197700A1315F /* Flix AppTests.xctest */,
				8607BDCF1EFB197700A1315F /* Flix AppUITests.xctest */,
			);
			name = Products;
			sourceTree = "<group>";
		};
		8607BDB21EFB197700A1315F /* Flix App */ = {
			isa = PBXGroup;
			children = (
				866D45DD1EFB45B100F6BFC2 /* Views */,
				866D45DC1EFB45A100F6BFC2 /* ViewControllers */,
				8607BDB31EFB197700A1315F /* AppDelegate.swift */,
				8607BDB71EFB197700A1315F /* Main.storyboard */,
				8607BDBA1EFB197700A1315F /* Assets.xcassets */,
				8607BDBC1EFB197700A1315F /* LaunchScreen.storyboard */,
				8607BDBF1EFB197700A1315F /* Info.plist */,
			);
			path = "Flix App";
			sourceTree = "<group>";
		};
		8607BDC71EFB197700A1315F /* Flix AppTests */ = {
			isa = PBXGroup;
			children = (
				8607BDC81EFB197700A1315F /* Flix_AppTests.swift */,
				8607BDCA1EFB197700A1315F /* Info.plist */,
			);
			path = "Flix AppTests";
			sourceTree = "<group>";
		};
		8607BDD21EFB197700A1315F /* Flix AppUITests */ = {
			isa = PBXGroup;
			children = (
				8607BDD31EFB197700A1315F /* Flix_AppUITests.swift */,
				8607BDD51EFB197700A1315F /* Info.plist */,
			);
			path = "Flix AppUITests";
			sourceTree = "<group>";
		};
		866D45DC1EFB45A100F6BFC2 /* ViewControllers */ = {
			isa = PBXGroup;
			children = (
				8607BDE11EFB243E00A1315F /* NowPlayingViewControlerViewController.swift */,
				866D45E01EFB462E00F6BFC2 /* DetailViewController.swift */,
				8674B1BE1EFD778500FCA9F7 /* SuperheroViewController.swift */,
			);
			name = ViewControllers;
			sourceTree = "<group>";
		};
		866D45DD1EFB45B100F6BFC2 /* Views */ = {
			isa = PBXGroup;
			children = (
				8607BDE31EFB2E1200A1315F /* MovieCell.swift */,
				8674B1BC1EFD773300FCA9F7 /* SuperheroCell.swift */,
			);
			name = Views;
			sourceTree = "<group>";
		};
/* End PBXGroup section */

/* Begin PBXNativeTarget section */
		8607BDAF1EFB197600A1315F /* Flix App */ = {
			isa = PBXNativeTarget;
			buildConfigurationList = 8607BDD81EFB197700A1315F /* Build configuration list for PBXNativeTarget "Flix App" */;
			buildPhases = (
				58304E70DC46367F2EC42F5C /* [CP] Check Pods Manifest.lock */,
				8607BDAC1EFB197600A1315F /* Sources */,
				8607BDAD1EFB197600A1315F /* Frameworks */,
				8607BDAE1EFB197600A1315F /* Resources */,
				90A972775C2D274622740CD2 /* [CP] Embed Pods Frameworks */,
				A490AECD3847F1202879B576 /* [CP] Copy Pods Resources */,
			);
			buildRules = (
			);
			dependencies = (
			);
			name = "Flix App";
			productName = "Flix App";
			productReference = 8607BDB01EFB197700A1315F /* Flix App.app */;
			productType = "com.apple.product-type.application";
		};
		8607BDC31EFB197700A1315F /* Flix AppTests */ = {
			isa = PBXNativeTarget;
			buildConfigurationList = 8607BDDB1EFB197700A1315F /* Build configuration list for PBXNativeTarget "Flix AppTests" */;
			buildPhases = (
				C9CF2C38329A9003873DED48 /* [CP] Check Pods Manifest.lock */,
				8607BDC01EFB197700A1315F /* Sources */,
				8607BDC11EFB197700A1315F /* Frameworks */,
				8607BDC21EFB197700A1315F /* Resources */,
				D4ACEABB8CE0C89C235FD09D /* [CP] Embed Pods Frameworks */,
				3DF1354116E3BC3CE6D2720B /* [CP] Copy Pods Resources */,
			);
			buildRules = (
			);
			dependencies = (
				8607BDC61EFB197700A1315F /* PBXTargetDependency */,
			);
			name = "Flix AppTests";
			productName = "Flix AppTests";
			productReference = 8607BDC41EFB197700A1315F /* Flix AppTests.xctest */;
			productType = "com.apple.product-type.bundle.unit-test";
		};
		8607BDCE1EFB197700A1315F /* Flix AppUITests */ = {
			isa = PBXNativeTarget;
			buildConfigurationList = 8607BDDE1EFB197700A1315F /* Build configuration list for PBXNativeTarget "Flix AppUITests" */;
			buildPhases = (
				EFE9FADDB8C5B9765A8690C9 /* [CP] Check Pods Manifest.lock */,
				8607BDCB1EFB197700A1315F /* Sources */,
				8607BDCC1EFB197700A1315F /* Frameworks */,
				8607BDCD1EFB197700A1315F /* Resources */,
				3E74E0A778106572B8DD7B1A /* [CP] Embed Pods Frameworks */,
				9081A71A9606428F25065137 /* [CP] Copy Pods Resources */,
			);
			buildRules = (
			);
			dependencies = (
				8607BDD11EFB197700A1315F /* PBXTargetDependency */,
			);
			name = "Flix AppUITests";
			productName = "Flix AppUITests";
			productReference = 8607BDCF1EFB197700A1315F /* Flix AppUITests.xctest */;
			productType = "com.apple.product-type.bundle.ui-testing";
		};
/* End PBXNativeTarget section */

/* Begin PBXProject section */
		8607BDA81EFB197600A1315F /* Project object */ = {
			isa = PBXProject;
			attributes = {
				LastSwiftUpdateCheck = 0830;
				LastUpgradeCheck = 0830;
				ORGANIZATIONNAME = "Gabriel Muñiz";
				TargetAttributes = {
					8607BDAF1EFB197600A1315F = {
						CreatedOnToolsVersion = 8.3.2;
						ProvisioningStyle = Automatic;
					};
					8607BDC31EFB197700A1315F = {
						CreatedOnToolsVersion = 8.3.2;
						ProvisioningStyle = Automatic;
						TestTargetID = 8607BDAF1EFB197600A1315F;
					};
					8607BDCE1EFB197700A1315F = {
						CreatedOnToolsVersion = 8.3.2;
						ProvisioningStyle = Automatic;
						TestTargetID = 8607BDAF1EFB197600A1315F;
					};
				};
			};
			buildConfigurationList = 8607BDAB1EFB197600A1315F /* Build configuration list for PBXProject "Flix App" */;
			compatibilityVersion = "Xcode 3.2";
			developmentRegion = English;
			hasScannedForEncodings = 0;
			knownRegions = (
				en,
				Base,
			);
			mainGroup = 8607BDA71EFB197600A1315F;
			productRefGroup = 8607BDB11EFB197700A1315F /* Products */;
			projectDirPath = "";
			projectRoot = "";
			targets = (
				8607BDAF1EFB197600A1315F /* Flix App */,
				8607BDC31EFB197700A1315F /* Flix AppTests */,
				8607BDCE1EFB197700A1315F /* Flix AppUITests */,
			);
		};
/* End PBXProject section */

/* Begin PBXResourcesBuildPhase section */
		8607BDAE1EFB197600A1315F /* Resources */ = {
			isa = PBXResourcesBuildPhase;
			buildActionMask = 2147483647;
			files = (
				8607BDBE1EFB197700A1315F /* LaunchScreen.storyboard in Resources */,
				8607BDBB1EFB197700A1315F /* Assets.xcassets in Resources */,
				8607BDB91EFB197700A1315F /* Main.storyboard in Resources */,
			);
			runOnlyForDeploymentPostprocessing = 0;
		};
		8607BDC21EFB197700A1315F /* Resources */ = {
			isa = PBXResourcesBuildPhase;
			buildActionMask = 2147483647;
			files = (
			);
			runOnlyForDeploymentPostprocessing = 0;
		};
		8607BDCD1EFB197700A1315F /* Resources */ = {
			isa = PBXResourcesBuildPhase;
			buildActionMask = 2147483647;
			files = (
			);
			runOnlyForDeploymentPostprocessing = 0;
		};
/* End PBXResourcesBuildPhase section */

/* Begin PBXShellScriptBuildPhase section */
		3DF1354116E3BC3CE6D2720B /* [CP] Copy Pods Resources */ = {
			isa = PBXShellScriptBuildPhase;
			buildActionMask = 2147483647;
			files = (
			);
			inputPaths = (
			);
			name = "[CP] Copy Pods Resources";
			outputPaths = (
			);
			runOnlyForDeploymentPostprocessing = 0;
			shellPath = /bin/sh;
			shellScript = "\"${SRCROOT}/Pods/Target Support Files/Pods-Flix AppTests/Pods-Flix AppTests-resources.sh\"\n";
			showEnvVarsInLog = 0;
		};
		3E74E0A778106572B8DD7B1A /* [CP] Embed Pods Frameworks */ = {
			isa = PBXShellScriptBuildPhase;
			buildActionMask = 2147483647;
			files = (
			);
			inputPaths = (
			);
			name = "[CP] Embed Pods Frameworks";
			outputPaths = (
			);
			runOnlyForDeploymentPostprocessing = 0;
			shellPath = /bin/sh;
			shellScript = "\"${SRCROOT}/Pods/Target Support Files/Pods-Flix AppUITests/Pods-Flix AppUITests-frameworks.sh\"\n";
			showEnvVarsInLog = 0;
		};
		58304E70DC46367F2EC42F5C /* [CP] Check Pods Manifest.lock */ = {
			isa = PBXShellScriptBuildPhase;
			buildActionMask = 2147483647;
			files = (
			);
			inputPaths = (
			);
			name = "[CP] Check Pods Manifest.lock";
			outputPaths = (
			);
			runOnlyForDeploymentPostprocessing = 0;
			shellPath = /bin/sh;
			shellScript = "diff \"${PODS_PODFILE_DIR_PATH}/Podfile.lock\" \"${PODS_ROOT}/Manifest.lock\" > /dev/null\nif [ $? != 0 ] ; then\n    # print error to STDERR\n    echo \"error: The sandbox is not in sync with the Podfile.lock. Run 'pod install' or update your CocoaPods installation.\" >&2\n    exit 1\nfi\n";
			showEnvVarsInLog = 0;
		};
		9081A71A9606428F25065137 /* [CP] Copy Pods Resources */ = {
			isa = PBXShellScriptBuildPhase;
			buildActionMask = 2147483647;
			files = (
			);
			inputPaths = (
			);
			name = "[CP] Copy Pods Resources";
			outputPaths = (
			);
			runOnlyForDeploymentPostprocessing = 0;
			shellPath = /bin/sh;
			shellScript = "\"${SRCROOT}/Pods/Target Support Files/Pods-Flix AppUITests/Pods-Flix AppUITests-resources.sh\"\n";
			showEnvVarsInLog = 0;
		};
		90A972775C2D274622740CD2 /* [CP] Embed Pods Frameworks */ = {
			isa = PBXShellScriptBuildPhase;
			buildActionMask = 2147483647;
			files = (
			);
			inputPaths = (
			);
			name = "[CP] Embed Pods Frameworks";
			outputPaths = (
			);
			runOnlyForDeploymentPostprocessing = 0;
			shellPath = /bin/sh;
			shellScript = "\"${SRCROOT}/Pods/Target Support Files/Pods-Flix App/Pods-Flix App-frameworks.sh\"\n";
			showEnvVarsInLog = 0;
		};
		A490AECD3847F1202879B576 /* [CP] Copy Pods Resources */ = {
			isa = PBXShellScriptBuildPhase;
			buildActionMask = 2147483647;
			files = (
			);
			inputPaths = (
			);
			name = "[CP] Copy Pods Resources";
			outputPaths = (
			);
			runOnlyForDeploymentPostprocessing = 0;
			shellPath = /bin/sh;
			shellScript = "\"${SRCROOT}/Pods/Target Support Files/Pods-Flix App/Pods-Flix App-resources.sh\"\n";
			showEnvVarsInLog = 0;
		};
		C9CF2C38329A9003873DED48 /* [CP] Check Pods Manifest.lock */ = {
			isa = PBXShellScriptBuildPhase;
			buildActionMask = 2147483647;
			files = (
			);
			inputPaths = (
			);
			name = "[CP] Check Pods Manifest.lock";
			outputPaths = (
			);
			runOnlyForDeploymentPostprocessing = 0;
			shellPath = /bin/sh;
			shellScript = "diff \"${PODS_PODFILE_DIR_PATH}/Podfile.lock\" \"${PODS_ROOT}/Manifest.lock\" > /dev/null\nif [ $? != 0 ] ; then\n    # print error to STDERR\n    echo \"error: The sandbox is not in sync with the Podfile.lock. Run 'pod install' or update your CocoaPods installation.\" >&2\n    exit 1\nfi\n";
			showEnvVarsInLog = 0;
		};
		D4ACEABB8CE0C89C235FD09D /* [CP] Embed Pods Frameworks */ = {
			isa = PBXShellScriptBuildPhase;
			buildActionMask = 2147483647;
			files = (
			);
			inputPaths = (
			);
			name = "[CP] Embed Pods Frameworks";
			outputPaths = (
			);
			runOnlyForDeploymentPostprocessing = 0;
			shellPath = /bin/sh;
			shellScript = "\"${SRCROOT}/Pods/Target Support Files/Pods-Flix AppTests/Pods-Flix AppTests-frameworks.sh\"\n";
			showEnvVarsInLog = 0;
		};
		EFE9FADDB8C5B9765A8690C9 /* [CP] Check Pods Manifest.lock */ = {
			isa = PBXShellScriptBuildPhase;
			buildActionMask = 2147483647;
			files = (
			);
			inputPaths = (
			);
			name = "[CP] Check Pods Manifest.lock";
			outputPaths = (
			);
			runOnlyForDeploymentPostprocessing = 0;
			shellPath = /bin/sh;
			shellScript = "diff \"${PODS_PODFILE_DIR_PATH}/Podfile.lock\" \"${PODS_ROOT}/Manifest.lock\" > /dev/null\nif [ $? != 0 ] ; then\n    # print error to STDERR\n    echo \"error: The sandbox is not in sync with the Podfile.lock. Run 'pod install' or update your CocoaPods installation.\" >&2\n    exit 1\nfi\n";
			showEnvVarsInLog = 0;
		};
/* End PBXShellScriptBuildPhase section */

/* Begin PBXSourcesBuildPhase section */
		8607BDAC1EFB197600A1315F /* Sources */ = {
			isa = PBXSourcesBuildPhase;
			buildActionMask = 2147483647;
			files = (
				8607BDE21EFB243E00A1315F /* NowPlayingViewControlerViewController.swift in Sources */,
				8607BDB41EFB197700A1315F /* AppDelegate.swift in Sources */,
				8674B1BF1EFD778500FCA9F7 /* SuperheroViewController.swift in Sources */,
				8674B1BD1EFD773300FCA9F7 /* SuperheroCell.swift in Sources */,
				8607BDE41EFB2E1200A1315F /* MovieCell.swift in Sources */,
				866D45E11EFB462E00F6BFC2 /* DetailViewController.swift in Sources */,
			);
			runOnlyForDeploymentPostprocessing = 0;
		};
		8607BDC01EFB197700A1315F /* Sources */ = {
			isa = PBXSourcesBuildPhase;
			buildActionMask = 2147483647;
			files = (
				8607BDC91EFB197700A1315F /* Flix_AppTests.swift in Sources */,
			);
			runOnlyForDeploymentPostprocessing = 0;
		};
		8607BDCB1EFB197700A1315F /* Sources */ = {
			isa = PBXSourcesBuildPhase;
			buildActionMask = 2147483647;
			files = (
				8607BDD41EFB197700A1315F /* Flix_AppUITests.swift in Sources */,
			);
			runOnlyForDeploymentPostprocessing = 0;
		};
/* End PBXSourcesBuildPhase section */

/* Begin PBXTargetDependency section */
		8607BDC61EFB197700A1315F /* PBXTargetDependency */ = {
			isa = PBXTargetDependency;
			target = 8607BDAF1EFB197600A1315F /* Flix App */;
			targetProxy = 8607BDC51EFB197700A1315F /* PBXContainerItemProxy */;
		};
		8607BDD11EFB197700A1315F /* PBXTargetDependency */ = {
			isa = PBXTargetDependency;
			target = 8607BDAF1EFB197600A1315F /* Flix App */;
			targetProxy = 8607BDD01EFB197700A1315F /* PBXContainerItemProxy */;
		};
/* End PBXTargetDependency section */

/* Begin PBXVariantGroup section */
		8607BDB71EFB197700A1315F /* Main.storyboard */ = {
			isa = PBXVariantGroup;
			children = (
				8607BDB81EFB197700A1315F /* Base */,
			);
			name = Main.storyboard;
			sourceTree = "<group>";
		};
		8607BDBC1EFB197700A1315F /* LaunchScreen.storyboard */ = {
			isa = PBXVariantGroup;
			children = (
				8607BDBD1EFB197700A1315F /* Base */,
			);
			name = LaunchScreen.storyboard;
			sourceTree = "<group>";
		};
/* End PBXVariantGroup section */

/* Begin XCBuildConfiguration section */
		8607BDD61EFB197700A1315F /* Debug */ = {
			isa = XCBuildConfiguration;
			buildSettings = {
				ALWAYS_SEARCH_USER_PATHS = NO;
				CLANG_ANALYZER_NONNULL = YES;
				CLANG_ANALYZER_NUMBER_OBJECT_CONVERSION = YES_AGGRESSIVE;
				CLANG_CXX_LANGUAGE_STANDARD = "gnu++0x";
				CLANG_CXX_LIBRARY = "libc++";
				CLANG_ENABLE_MODULES = YES;
				CLANG_ENABLE_OBJC_ARC = YES;
				CLANG_WARN_BOOL_CONVERSION = YES;
				CLANG_WARN_CONSTANT_CONVERSION = YES;
				CLANG_WARN_DIRECT_OBJC_ISA_USAGE = YES_ERROR;
				CLANG_WARN_DOCUMENTATION_COMMENTS = YES;
				CLANG_WARN_EMPTY_BODY = YES;
				CLANG_WARN_ENUM_CONVERSION = YES;
				CLANG_WARN_INFINITE_RECURSION = YES;
				CLANG_WARN_INT_CONVERSION = YES;
				CLANG_WARN_OBJC_ROOT_CLASS = YES_ERROR;
				CLANG_WARN_SUSPICIOUS_MOVE = YES;
				CLANG_WARN_UNREACHABLE_CODE = YES;
				CLANG_WARN__DUPLICATE_METHOD_MATCH = YES;
				"CODE_SIGN_IDENTITY[sdk=iphoneos*]" = "iPhone Developer";
				COPY_PHASE_STRIP = NO;
				DEBUG_INFORMATION_FORMAT = dwarf;
				ENABLE_STRICT_OBJC_MSGSEND = YES;
				ENABLE_TESTABILITY = YES;
				GCC_C_LANGUAGE_STANDARD = gnu99;
				GCC_DYNAMIC_NO_PIC = NO;
				GCC_NO_COMMON_BLOCKS = YES;
				GCC_OPTIMIZATION_LEVEL = 0;
				GCC_PREPROCESSOR_DEFINITIONS = (
					"DEBUG=1",
					"$(inherited)",
				);
				GCC_WARN_64_TO_32_BIT_CONVERSION = YES;
				GCC_WARN_ABOUT_RETURN_TYPE = YES_ERROR;
				GCC_WARN_UNDECLARED_SELECTOR = YES;
				GCC_WARN_UNINITIALIZED_AUTOS = YES_AGGRESSIVE;
				GCC_WARN_UNUSED_FUNCTION = YES;
				GCC_WARN_UNUSED_VARIABLE = YES;
				IPHONEOS_DEPLOYMENT_TARGET = 10.3;
				MTL_ENABLE_DEBUG_INFO = YES;
				ONLY_ACTIVE_ARCH = YES;
				SDKROOT = iphoneos;
				SWIFT_ACTIVE_COMPILATION_CONDITIONS = DEBUG;
				SWIFT_OPTIMIZATION_LEVEL = "-Onone";
			};
			name = Debug;
		};
		8607BDD71EFB197700A1315F /* Release */ = {
			isa = XCBuildConfiguration;
			buildSettings = {
				ALWAYS_SEARCH_USER_PATHS = NO;
				CLANG_ANALYZER_NONNULL = YES;
				CLANG_ANALYZER_NUMBER_OBJECT_CONVERSION = YES_AGGRESSIVE;
				CLANG_CXX_LANGUAGE_STANDARD = "gnu++0x";
				CLANG_CXX_LIBRARY = "libc++";
				CLANG_ENABLE_MODULES = YES;
				CLANG_ENABLE_OBJC_ARC = YES;
				CLANG_WARN_BOOL_CONVERSION = YES;
				CLANG_WARN_CONSTANT_CONVERSION = YES;
				CLANG_WARN_DIRECT_OBJC_ISA_USAGE = YES_ERROR;
				CLANG_WARN_DOCUMENTATION_COMMENTS = YES;
				CLANG_WARN_EMPTY_BODY = YES;
				CLANG_WARN_ENUM_CONVERSION = YES;
				CLANG_WARN_INFINITE_RECURSION = YES;
				CLANG_WARN_INT_CONVERSION = YES;
				CLANG_WARN_OBJC_ROOT_CLASS = YES_ERROR;
				CLANG_WARN_SUSPICIOUS_MOVE = YES;
				CLANG_WARN_UNREACHABLE_CODE = YES;
				CLANG_WARN__DUPLICATE_METHOD_MATCH = YES;
				"CODE_SIGN_IDENTITY[sdk=iphoneos*]" = "iPhone Developer";
				COPY_PHASE_STRIP = NO;
				DEBUG_INFORMATION_FORMAT = "dwarf-with-dsym";
				ENABLE_NS_ASSERTIONS = NO;
				ENABLE_STRICT_OBJC_MSGSEND = YES;
				GCC_C_LANGUAGE_STANDARD = gnu99;
				GCC_NO_COMMON_BLOCKS = YES;
				GCC_WARN_64_TO_32_BIT_CONVERSION = YES;
				GCC_WARN_ABOUT_RETURN_TYPE = YES_ERROR;
				GCC_WARN_UNDECLARED_SELECTOR = YES;
				GCC_WARN_UNINITIALIZED_AUTOS = YES_AGGRESSIVE;
				GCC_WARN_UNUSED_FUNCTION = YES;
				GCC_WARN_UNUSED_VARIABLE = YES;
				IPHONEOS_DEPLOYMENT_TARGET = 10.3;
				MTL_ENABLE_DEBUG_INFO = NO;
				SDKROOT = iphoneos;
				SWIFT_OPTIMIZATION_LEVEL = "-Owholemodule";
				VALIDATE_PRODUCT = YES;
			};
			name = Release;
		};
		8607BDD91EFB197700A1315F /* Debug */ = {
			isa = XCBuildConfiguration;
			baseConfigurationReference = DDAF8E02F5D4A3A6D816F14B /* Pods-Flix App.debug.xcconfig */;
			buildSettings = {
				ASSETCATALOG_COMPILER_APPICON_NAME = AppIcon;
				INFOPLIST_FILE = "Flix App/Info.plist";
				LD_RUNPATH_SEARCH_PATHS = "$(inherited) @executable_path/Frameworks";
				PRODUCT_BUNDLE_IDENTIFIER = "com.gabriel.Flix-App";
				PRODUCT_NAME = "$(TARGET_NAME)";
				SWIFT_VERSION = 3.0;
			};
			name = Debug;
		};
		8607BDDA1EFB197700A1315F /* Release */ = {
			isa = XCBuildConfiguration;
			baseConfigurationReference = FE3CA190732A29181D36E5D2 /* Pods-Flix App.release.xcconfig */;
			buildSettings = {
				ASSETCATALOG_COMPILER_APPICON_NAME = AppIcon;
				INFOPLIST_FILE = "Flix App/Info.plist";
				LD_RUNPATH_SEARCH_PATHS = "$(inherited) @executable_path/Frameworks";
				PRODUCT_BUNDLE_IDENTIFIER = "com.gabriel.Flix-App";
				PRODUCT_NAME = "$(TARGET_NAME)";
				SWIFT_VERSION = 3.0;
			};
			name = Release;
		};
		8607BDDC1EFB197700A1315F /* Debug */ = {
			isa = XCBuildConfiguration;
			baseConfigurationReference = C2638C0743766D217B078992 /* Pods-Flix AppTests.debug.xcconfig */;
			buildSettings = {
				ALWAYS_EMBED_SWIFT_STANDARD_LIBRARIES = YES;
				BUNDLE_LOADER = "$(TEST_HOST)";
				INFOPLIST_FILE = "Flix AppTests/Info.plist";
				LD_RUNPATH_SEARCH_PATHS = "$(inherited) @executable_path/Frameworks @loader_path/Frameworks";
				PRODUCT_BUNDLE_IDENTIFIER = "com.gabriel.Flix-AppTests";
				PRODUCT_NAME = "$(TARGET_NAME)";
				SWIFT_VERSION = 3.0;
				TEST_HOST = "$(BUILT_PRODUCTS_DIR)/Flix App.app/Flix App";
			};
			name = Debug;
		};
		8607BDDD1EFB197700A1315F /* Release */ = {
			isa = XCBuildConfiguration;
			baseConfigurationReference = 814E93FB4FDAE2CD4610CB36 /* Pods-Flix AppTests.release.xcconfig */;
			buildSettings = {
				ALWAYS_EMBED_SWIFT_STANDARD_LIBRARIES = YES;
				BUNDLE_LOADER = "$(TEST_HOST)";
				INFOPLIST_FILE = "Flix AppTests/Info.plist";
				LD_RUNPATH_SEARCH_PATHS = "$(inherited) @executable_path/Frameworks @loader_path/Frameworks";
				PRODUCT_BUNDLE_IDENTIFIER = "com.gabriel.Flix-AppTests";
				PRODUCT_NAME = "$(TARGET_NAME)";
				SWIFT_VERSION = 3.0;
				TEST_HOST = "$(BUILT_PRODUCTS_DIR)/Flix App.app/Flix App";
			};
			name = Release;
		};
		8607BDDF1EFB197700A1315F /* Debug */ = {
			isa = XCBuildConfiguration;
			baseConfigurationReference = 71D463B16F3F0B190633C473 /* Pods-Flix AppUITests.debug.xcconfig */;
			buildSettings = {
				ALWAYS_EMBED_SWIFT_STANDARD_LIBRARIES = YES;
				INFOPLIST_FILE = "Flix AppUITests/Info.plist";
				LD_RUNPATH_SEARCH_PATHS = "$(inherited) @executable_path/Frameworks @loader_path/Frameworks";
				PRODUCT_BUNDLE_IDENTIFIER = "com.gabriel.Flix-AppUITests";
				PRODUCT_NAME = "$(TARGET_NAME)";
				SWIFT_VERSION = 3.0;
				TEST_TARGET_NAME = "Flix App";
			};
			name = Debug;
		};
		8607BDE01EFB197700A1315F /* Release */ = {
			isa = XCBuildConfiguration;
			baseConfigurationReference = 8228AA27119AE4FDEA571BF1 /* Pods-Flix AppUITests.release.xcconfig */;
			buildSettings = {
				ALWAYS_EMBED_SWIFT_STANDARD_LIBRARIES = YES;
				INFOPLIST_FILE = "Flix AppUITests/Info.plist";
				LD_RUNPATH_SEARCH_PATHS = "$(inherited) @executable_path/Frameworks @loader_path/Frameworks";
				PRODUCT_BUNDLE_IDENTIFIER = "com.gabriel.Flix-AppUITests";
				PRODUCT_NAME = "$(TARGET_NAME)";
				SWIFT_VERSION = 3.0;
				TEST_TARGET_NAME = "Flix App";
			};
			name = Release;
		};
/* End XCBuildConfiguration section */

/* Begin XCConfigurationList section */
		8607BDAB1EFB197600A1315F /* Build configuration list for PBXProject "Flix App" */ = {
			isa = XCConfigurationList;
			buildConfigurations = (
				8607BDD61EFB197700A1315F /* Debug */,
				8607BDD71EFB197700A1315F /* Release */,
			);
			defaultConfigurationIsVisible = 0;
			defaultConfigurationName = Release;
		};
		8607BDD81EFB197700A1315F /* Build configuration list for PBXNativeTarget "Flix App" */ = {
			isa = XCConfigurationList;
			buildConfigurations = (
				8607BDD91EFB197700A1315F /* Debug */,
				8607BDDA1EFB197700A1315F /* Release */,
			);
			defaultConfigurationIsVisible = 0;
			defaultConfigurationName = Release;
		};
		8607BDDB1EFB197700A1315F /* Build configuration list for PBXNativeTarget "Flix AppTests" */ = {
			isa = XCConfigurationList;
			buildConfigurations = (
				8607BDDC1EFB197700A1315F /* Debug */,
				8607BDDD1EFB197700A1315F /* Release */,
			);
			defaultConfigurationIsVisible = 0;
			defaultConfigurationName = Release;
		};
		8607BDDE1EFB197700A1315F /* Build configuration list for PBXNativeTarget "Flix AppUITests" */ = {
			isa = XCConfigurationList;
			buildConfigurations = (
				8607BDDF1EFB197700A1315F /* Debug */,
				8607BDE01EFB197700A1315F /* Release */,
			);
			defaultConfigurationIsVisible = 0;
			defaultConfigurationName = Release;
		};
/* End XCConfigurationList section */
	};
	rootObject = 8607BDA81EFB197600A1315F /* Project object */;
}
